
Microsoft Visual Studio Solution File, Format Version 12.00
# Visual Studio Version 17
VisualStudioVersion = 17.2.32616.157
MinimumVisualStudioVersion = 10.0.40219.1
Project("{9A19103F-16F7-4668-BE54-9A1E7A4F7556}") = "bs.Auth", "bs.Auth\bs.Auth.csproj", "{1E88D8FC-ED9C-40D7-A132-B4B62FAF36B7}"
EndProject
Project("{9A19103F-16F7-4668-BE54-9A1E7A4F7556}") = "bs.AuthTests", "bs.AuthTests\bs.AuthTests.csproj", "{A24EB4A2-A66F-40AD-A56B-7B56F8551A82}"
EndProject
Project("{9A19103F-16F7-4668-BE54-9A1E7A4F7556}") = "bs.Auth.Api", "bs.Auth.Api\bs.Auth.Api.csproj", "{E82EE8AC-AC15-4FB5-9C2D-7EFF69C437E9}"
EndProject
Project("{FAE04EC0-301F-11D3-BF4B-00C04F79EFBC}") = "bs.Datatable", "bs.Datatable\bs.Datatable.csproj", "{34662E97-8270-43E7-8BD5-593A87308888}"
EndProject
Global
	GlobalSection(SolutionConfigurationPlatforms) = preSolution
		Debug|Any CPU = Debug|Any CPU
		Release|Any CPU = Release|Any CPU
	EndGlobalSection
	GlobalSection(ProjectConfigurationPlatforms) = postSolution
		{1E88D8FC-ED9C-40D7-A132-B4B62FAF36B7}.Debug|Any CPU.ActiveCfg = Debug|Any CPU
		{1E88D8FC-ED9C-40D7-A132-B4B62FAF36B7}.Debug|Any CPU.Build.0 = Debug|Any CPU
		{1E88D8FC-ED9C-40D7-A132-B4B62FAF36B7}.Release|Any CPU.ActiveCfg = Release|Any CPU
		{1E88D8FC-ED9C-40D7-A132-B4B62FAF36B7}.Release|Any CPU.Build.0 = Release|Any CPU
		{A24EB4A2-A66F-40AD-A56B-7B56F8551A82}.Debug|Any CPU.ActiveCfg = Debug|Any CPU
		{A24EB4A2-A66F-40AD-A56B-7B56F8551A82}.Debug|Any CPU.Build.0 = Debug|Any CPU
		{A24EB4A2-A66F-40AD-A56B-7B56F8551A82}.Release|Any CPU.ActiveCfg = Release|Any CPU
		{A24EB4A2-A66F-40AD-A56B-7B56F8551A82}.Release|Any CPU.Build.0 = Release|Any CPU
		{E82EE8AC-AC15-4FB5-9C2D-7EFF69C437E9}.Debug|Any CPU.ActiveCfg = Debug|Any CPU
		{E82EE8AC-AC15-4FB5-9C2D-7EFF69C437E9}.Debug|Any CPU.Build.0 = Debug|Any CPU
		{E82EE8AC-AC15-4FB5-9C2D-7EFF69C437E9}.Release|Any CPU.ActiveCfg = Release|Any CPU
		{E82EE8AC-AC15-4FB5-9C2D-7EFF69C437E9}.Release|Any CPU.Build.0 = Release|Any CPU
		{34662E97-8270-43E7-8BD5-593A87308888}.Debug|Any CPU.ActiveCfg = Debug|Any CPU
		{34662E97-8270-43E7-8BD5-593A87308888}.Debug|Any CPU.Build.0 = Debug|Any CPU
		{34662E97-8270-43E7-8BD5-593A87308888}.Release|Any CPU.ActiveCfg = Release|Any CPU
		{34662E97-8270-43E7-8BD5-593A87308888}.Release|Any CPU.Build.0 = Release|Any CPU
	EndGlobalSection
	GlobalSection(SolutionProperties) = preSolution
		HideSolutionNode = FALSE
	EndGlobalSection
	GlobalSection(ExtensibilityGlobals) = postSolution
		SolutionGuid = {119B7697-6A1D-46BB-9043-C101296DC5B3}
	EndGlobalSection
EndGlobal
